// !$*UTF8*$!
{
	archiveVersion = 1;
	classes = {
	};
	objectVersion = 48;
	objects = {

/* Begin PBXBuildFile section */
		EE865A15204D950A00482E54 /* AppDelegate.swift in Sources */ = {isa = PBXBuildFile; fileRef = EE865A14204D950A00482E54 /* AppDelegate.swift */; };
		EE865A17204D950A00482E54 /* ViewController.swift in Sources */ = {isa = PBXBuildFile; fileRef = EE865A16204D950A00482E54 /* ViewController.swift */; };
		EE865A1A204D950A00482E54 /* Main.storyboard in Resources */ = {isa = PBXBuildFile; fileRef = EE865A18204D950A00482E54 /* Main.storyboard */; };
		EE865A1C204D950A00482E54 /* Assets.xcassets in Resources */ = {isa = PBXBuildFile; fileRef = EE865A1B204D950A00482E54 /* Assets.xcassets */; };
		EE865A1F204D950A00482E54 /* LaunchScreen.storyboard in Resources */ = {isa = PBXBuildFile; fileRef = EE865A1D204D950A00482E54 /* LaunchScreen.storyboard */; };
		EE865A2A204D950A00482E54 /* TinderTests.swift in Sources */ = {isa = PBXBuildFile; fileRef = EE865A29204D950A00482E54 /* TinderTests.swift */; };
		EE865A35204D950A00482E54 /* TinderUITests.swift in Sources */ = {isa = PBXBuildFile; fileRef = EE865A34204D950A00482E54 /* TinderUITests.swift */; };
		EEAF9F8A2051296B00620EA5 /* ListViewController.swift in Sources */ = {isa = PBXBuildFile; fileRef = EEAF9F892051296B00620EA5 /* ListViewController.swift */; };
/* End PBXBuildFile section */

/* Begin PBXContainerItemProxy section */
		EE865A26204D950A00482E54 /* PBXContainerItemProxy */ = {
			isa = PBXContainerItemProxy;
			containerPortal = EE865A09204D950A00482E54 /* Project object */;
			proxyType = 1;
			remoteGlobalIDString = EE865A10204D950A00482E54;
			remoteInfo = Tinder;
		};
		EE865A31204D950A00482E54 /* PBXContainerItemProxy */ = {
			isa = PBXContainerItemProxy;
			containerPortal = EE865A09204D950A00482E54 /* Project object */;
			proxyType = 1;
			remoteGlobalIDString = EE865A10204D950A00482E54;
			remoteInfo = Tinder;
		};
/* End PBXContainerItemProxy section */

/* Begin PBXFileReference section */
		EE865A11204D950A00482E54 /* Tinder.app */ = {isa = PBXFileReference; explicitFileType = wrapper.application; includeInIndex = 0; path = Tinder.app; sourceTree = BUILT_PRODUCTS_DIR; };
		EE865A14204D950A00482E54 /* AppDelegate.swift */ = {isa = PBXFileReference; lastKnownFileType = sourcecode.swift; path = AppDelegate.swift; sourceTree = "<group>"; };
		EE865A16204D950A00482E54 /* ViewController.swift */ = {isa = PBXFileReference; lastKnownFileType = sourcecode.swift; path = ViewController.swift; sourceTree = "<group>"; };
		EE865A19204D950A00482E54 /* Base */ = {isa = PBXFileReference; lastKnownFileType = file.storyboard; name = Base; path = Base.lproj/Main.storyboard; sourceTree = "<group>"; };
		EE865A1B204D950A00482E54 /* Assets.xcassets */ = {isa = PBXFileReference; lastKnownFileType = folder.assetcatalog; path = Assets.xcassets; sourceTree = "<group>"; };
		EE865A1E204D950A00482E54 /* Base */ = {isa = PBXFileReference; lastKnownFileType = file.storyboard; name = Base; path = Base.lproj/LaunchScreen.storyboard; sourceTree = "<group>"; };
		EE865A20204D950A00482E54 /* Info.plist */ = {isa = PBXFileReference; lastKnownFileType = text.plist.xml; path = Info.plist; sourceTree = "<group>"; };
		EE865A25204D950A00482E54 /* TinderTests.xctest */ = {isa = PBXFileReference; explicitFileType = wrapper.cfbundle; includeInIndex = 0; path = TinderTests.xctest; sourceTree = BUILT_PRODUCTS_DIR; };
		EE865A29204D950A00482E54 /* TinderTests.swift */ = {isa = PBXFileReference; lastKnownFileType = sourcecode.swift; path = TinderTests.swift; sourceTree = "<group>"; };
		EE865A2B204D950A00482E54 /* Info.plist */ = {isa = PBXFileReference; lastKnownFileType = text.plist.xml; path = Info.plist; sourceTree = "<group>"; };
		EE865A30204D950A00482E54 /* TinderUITests.xctest */ = {isa = PBXFileReference; explicitFileType = wrapper.cfbundle; includeInIndex = 0; path = TinderUITests.xctest; sourceTree = BUILT_PRODUCTS_DIR; };
		EE865A34204D950A00482E54 /* TinderUITests.swift */ = {isa = PBXFileReference; lastKnownFileType = sourcecode.swift; path = TinderUITests.swift; sourceTree = "<group>"; };
		EE865A36204D950A00482E54 /* Info.plist */ = {isa = PBXFileReference; lastKnownFileType = text.plist.xml; path = Info.plist; sourceTree = "<group>"; };
		EEAF9F892051296B00620EA5 /* ListViewController.swift */ = {isa = PBXFileReference; lastKnownFileType = sourcecode.swift; path = ListViewController.swift; sourceTree = "<group>"; };
/* End PBXFileReference section */

/* Begin PBXFrameworksBuildPhase section */
		EE865A0E204D950A00482E54 /* Frameworks */ = {
			isa = PBXFrameworksBuildPhase;
			buildActionMask = 2147483647;
			files = (
			);
			runOnlyForDeploymentPostprocessing = 0;
		};
		EE865A22204D950A00482E54 /* Frameworks */ = {
			isa = PBXFrameworksBuildPhase;
			buildActionMask = 2147483647;
			files = (
			);
			runOnlyForDeploymentPostprocessing = 0;
		};
		EE865A2D204D950A00482E54 /* Frameworks */ = {
			isa = PBXFrameworksBuildPhase;
			buildActionMask = 2147483647;
			files = (
			);
			runOnlyForDeploymentPostprocessing = 0;
		};
/* End PBXFrameworksBuildPhase section */

/* Begin PBXGroup section */
		EE865A08204D950A00482E54 = {
			isa = PBXGroup;
			children = (
				EE865A13204D950A00482E54 /* Tinder */,
				EE865A28204D950A00482E54 /* TinderTests */,
				EE865A33204D950A00482E54 /* TinderUITests */,
				EE865A12204D950A00482E54 /* Products */,
			);
			sourceTree = "<group>";
		};
		EE865A12204D950A00482E54 /* Products */ = {
			isa = PBXGroup;
			children = (
				EE865A11204D950A00482E54 /* Tinder.app */,
				EE865A25204D950A00482E54 /* TinderTests.xctest */,
				EE865A30204D950A00482E54 /* TinderUITests.xctest */,
			);
			name = Products;
			sourceTree = "<group>";
		};
		EE865A13204D950A00482E54 /* Tinder */ = {
			isa = PBXGroup;
			children = (
				EE865A14204D950A00482E54 /* AppDelegate.swift */,
				EE865A16204D950A00482E54 /* ViewController.swift */,
				EE865A18204D950A00482E54 /* Main.storyboard */,
				EE865A1B204D950A00482E54 /* Assets.xcassets */,
				EE865A1D204D950A00482E54 /* LaunchScreen.storyboard */,
				EE865A20204D950A00482E54 /* Info.plist */,
				EEAF9F892051296B00620EA5 /* ListViewController.swift */,
			);
			path = Tinder;
			sourceTree = "<group>";
		};
		EE865A28204D950A00482E54 /* TinderTests */ = {
			isa = PBXGroup;
			children = (
				EE865A29204D950A00482E54 /* TinderTests.swift */,
				EE865A2B204D950A00482E54 /* Info.plist */,
			);
			path = TinderTests;
			sourceTree = "<group>";
		};
		EE865A33204D950A00482E54 /* TinderUITests */ = {
			isa = PBXGroup;
			children = (
				EE865A34204D950A00482E54 /* TinderUITests.swift */,
				EE865A36204D950A00482E54 /* Info.plist */,
			);
			path = TinderUITests;
			sourceTree = "<group>";
		};
/* End PBXGroup section */

/* Begin PBXNativeTarget section */
		EE865A10204D950A00482E54 /* Tinder */ = {
			isa = PBXNativeTarget;
			buildConfigurationList = EE865A39204D950A00482E54 /* Build configuration list for PBXNativeTarget "Tinder" */;
			buildPhases = (
				EE865A0D204D950A00482E54 /* Sources */,
				EE865A0E204D950A00482E54 /* Frameworks */,
				EE865A0F204D950A00482E54 /* Resources */,
			);
			buildRules = (
			);
			dependencies = (
			);
			name = Tinder;
			productName = Tinder;
			productReference = EE865A11204D950A00482E54 /* Tinder.app */;
			productType = "com.apple.product-type.application";
		};
		EE865A24204D950A00482E54 /* TinderTests */ = {
			isa = PBXNativeTarget;
			buildConfigurationList = EE865A3C204D950A00482E54 /* Build configuration list for PBXNativeTarget "TinderTests" */;
			buildPhases = (
				EE865A21204D950A00482E54 /* Sources */,
				EE865A22204D950A00482E54 /* Frameworks */,
				EE865A23204D950A00482E54 /* Resources */,
			);
			buildRules = (
			);
			dependencies = (
				EE865A27204D950A00482E54 /* PBXTargetDependency */,
			);
			name = TinderTests;
			productName = TinderTests;
			productReference = EE865A25204D950A00482E54 /* TinderTests.xctest */;
			productType = "com.apple.product-type.bundle.unit-test";
		};
		EE865A2F204D950A00482E54 /* TinderUITests */ = {
			isa = PBXNativeTarget;
			buildConfigurationList = EE865A3F204D950A00482E54 /* Build configuration list for PBXNativeTarget "TinderUITests" */;
			buildPhases = (
				EE865A2C204D950A00482E54 /* Sources */,
				EE865A2D204D950A00482E54 /* Frameworks */,
				EE865A2E204D950A00482E54 /* Resources */,
			);
			buildRules = (
			);
			dependencies = (
				EE865A32204D950A00482E54 /* PBXTargetDependency */,
			);
			name = TinderUITests;
			productName = TinderUITests;
			productReference = EE865A30204D950A00482E54 /* TinderUITests.xctest */;
			productType = "com.apple.product-type.bundle.ui-testing";
		};
/* End PBXNativeTarget section */

/* Begin PBXProject section */
		EE865A09204D950A00482E54 /* Project object */ = {
			isa = PBXProject;
			attributes = {
				LastSwiftUpdateCheck = 0920;
				LastUpgradeCheck = 0920;
				ORGANIZATIONNAME = YutaSugao;
				TargetAttributes = {
					EE865A10204D950A00482E54 = {
						CreatedOnToolsVersion = 9.2;
						ProvisioningStyle = Automatic;
					};
					EE865A24204D950A00482E54 = {
						CreatedOnToolsVersion = 9.2;
						ProvisioningStyle = Automatic;
						TestTargetID = EE865A10204D950A00482E54;
					};
					EE865A2F204D950A00482E54 = {
						CreatedOnToolsVersion = 9.2;
						ProvisioningStyle = Automatic;
						TestTargetID = EE865A10204D950A00482E54;
					};
				};
			};
			buildConfigurationList = EE865A0C204D950A00482E54 /* Build configuration list for PBXProject "Tinder" */;
			compatibilityVersion = "Xcode 8.0";
			developmentRegion = en;
			hasScannedForEncodings = 0;
			knownRegions = (
				en,
				Base,
			);
			mainGroup = EE865A08204D950A00482E54;
			productRefGroup = EE865A12204D950A00482E54 /* Products */;
			projectDirPath = "";
			projectRoot = "";
			targets = (
				EE865A10204D950A00482E54 /* Tinder */,
				EE865A24204D950A00482E54 /* TinderTests */,
				EE865A2F204D950A00482E54 /* TinderUITests */,
			);
		};
/* End PBXProject section */

/* Begin PBXResourcesBuildPhase section */
		EE865A0F204D950A00482E54 /* Resources */ = {
			isa = PBXResourcesBuildPhase;
			buildActionMask = 2147483647;
			files = (
				EE865A1F204D950A00482E54 /* LaunchScreen.storyboard in Resources */,
				EE865A1C204D950A00482E54 /* Assets.xcassets in Resources */,
				EE865A1A204D950A00482E54 /* Main.storyboard in Resources */,
			);
			runOnlyForDeploymentPostprocessing = 0;
		};
		EE865A23204D950A00482E54 /* Resources */ = {
			isa = PBXResourcesBuildPhase;
			buildActionMask = 2147483647;
			files = (
			);
			runOnlyForDeploymentPostprocessing = 0;
		};
		EE865A2E204D950A00482E54 /* Resources */ = {
			isa = PBXResourcesBuildPhase;
			buildActionMask = 2147483647;
			files = (
			);
			runOnlyForDeploymentPostprocessing = 0;
		};
/* End PBXResourcesBuildPhase section */

/* Begin PBXSourcesBuildPhase section */
		EE865A0D204D950A00482E54 /* Sources */ = {
			isa = PBXSourcesBuildPhase;
			buildActionMask = 2147483647;
			files = (
				EE865A17204D950A00482E54 /* ViewController.swift in Sources */,
				EE865A15204D950A00482E54 /* AppDelegate.swift in Sources */,
				EEAF9F8A2051296B00620EA5 /* ListViewController.swift in Sources */,
			);
			runOnlyForDeploymentPostprocessing = 0;
		};
		EE865A21204D950A00482E54 /* Sources */ = {
			isa = PBXSourcesBuildPhase;
			buildActionMask = 2147483647;
			files = (
				EE865A2A204D950A00482E54 /* TinderTests.swift in Sources */,
			);
			runOnlyForDeploymentPostprocessing = 0;
		};
		EE865A2C204D950A00482E54 /* Sources */ = {
			isa = PBXSourcesBuildPhase;
			buildActionMask = 2147483647;
			files = (
				EE865A35204D950A00482E54 /* TinderUITests.swift in Sources */,
			);
			runOnlyForDeploymentPostprocessing = 0;
		};
/* End PBXSourcesBuildPhase section */

/* Begin PBXTargetDependency section */
		EE865A27204D950A00482E54 /* PBXTargetDependency */ = {
			isa = PBXTargetDependency;
			target = EE865A10204D950A00482E54 /* Tinder */;
			targetProxy = EE865A26204D950A00482E54 /* PBXContainerItemProxy */;
		};
		EE865A32204D950A00482E54 /* PBXTargetDependency */ = {
			isa = PBXTargetDependency;
			target = EE865A10204D950A00482E54 /* Tinder */;
			targetProxy = EE865A31204D950A00482E54 /* PBXContainerItemProxy */;
		};
/* End PBXTargetDependency section */

/* Begin PBXVariantGroup section */
		EE865A18204D950A00482E54 /* Main.storyboard */ = {
			isa = PBXVariantGroup;
			children = (
				EE865A19204D950A00482E54 /* Base */,
			);
			name = Main.storyboard;
			sourceTree = "<group>";
		};
		EE865A1D204D950A00482E54 /* LaunchScreen.storyboard */ = {
			isa = PBXVariantGroup;
			children = (
				EE865A1E204D950A00482E54 /* Base */,
			);
			name = LaunchScreen.storyboard;
			sourceTree = "<group>";
		};
/* End PBXVariantGroup section */

/* Begin XCBuildConfiguration section */
		EE865A37204D950A00482E54 /* Debug */ = {
			isa = XCBuildConfiguration;
			buildSettings = {
				ALWAYS_SEARCH_USER_PATHS = NO;
				CLANG_ANALYZER_NONNULL = YES;
				CLANG_ANALYZER_NUMBER_OBJECT_CONVERSION = YES_AGGRESSIVE;
				CLANG_CXX_LANGUAGE_STANDARD = "gnu++14";
				CLANG_CXX_LIBRARY = "libc++";
				CLANG_ENABLE_MODULES = YES;
				CLANG_ENABLE_OBJC_ARC = YES;
				CLANG_WARN_BLOCK_CAPTURE_AUTORELEASING = YES;
				CLANG_WARN_BOOL_CONVERSION = YES;
				CLANG_WARN_COMMA = YES;
				CLANG_WARN_CONSTANT_CONVERSION = YES;
				CLANG_WARN_DIRECT_OBJC_ISA_USAGE = YES_ERROR;
				CLANG_WARN_DOCUMENTATION_COMMENTS = YES;
				CLANG_WARN_EMPTY_BODY = YES;
				CLANG_WARN_ENUM_CONVERSION = YES;
				CLANG_WARN_INFINITE_RECURSION = YES;
				CLANG_WARN_INT_CONVERSION = YES;
				CLANG_WARN_NON_LITERAL_NULL_CONVERSION = YES;
				CLANG_WARN_OBJC_LITERAL_CONVERSION = YES;
				CLANG_WARN_OBJC_ROOT_CLASS = YES_ERROR;
				CLANG_WARN_RANGE_LOOP_ANALYSIS = YES;
				CLANG_WARN_STRICT_PROTOTYPES = YES;
				CLANG_WARN_SUSPICIOUS_MOVE = YES;
				CLANG_WARN_UNGUARDED_AVAILABILITY = YES_AGGRESSIVE;
				CLANG_WARN_UNREACHABLE_CODE = YES;
				CLANG_WARN__DUPLICATE_METHOD_MATCH = YES;
				CODE_SIGN_IDENTITY = "iPhone Developer";
				COPY_PHASE_STRIP = NO;
				DEBUG_INFORMATION_FORMAT = dwarf;
				ENABLE_STRICT_OBJC_MSGSEND = YES;
				ENABLE_TESTABILITY = YES;
				GCC_C_LANGUAGE_STANDARD = gnu11;
				GCC_DYNAMIC_NO_PIC = NO;
				GCC_NO_COMMON_BLOCKS = YES;
				GCC_OPTIMIZATION_LEVEL = 0;
				GCC_PREPROCESSOR_DEFINITIONS = (
					"DEBUG=1",
					"$(inherited)",
				);
				GCC_WARN_64_TO_32_BIT_CONVERSION = YES;
				GCC_WARN_ABOUT_RETURN_TYPE = YES_ERROR;
				GCC_WARN_UNDECLARED_SELECTOR = YES;
				GCC_WARN_UNINITIALIZED_AUTOS = YES_AGGRESSIVE;
				GCC_WARN_UNUSED_FUNCTION = YES;
				GCC_WARN_UNUSED_VARIABLE = YES;
				IPHONEOS_DEPLOYMENT_TARGET = 11.2;
				MTL_ENABLE_DEBUG_INFO = YES;
				ONLY_ACTIVE_ARCH = YES;
				SDKROOT = iphoneos;
				SWIFT_ACTIVE_COMPILATION_CONDITIONS = DEBUG;
				SWIFT_OPTIMIZATION_LEVEL = "-Onone";
			};
			name = Debug;
		};
		EE865A38204D950A00482E54 /* Release */ = {
			isa = XCBuildConfiguration;
			buildSettings = {
				ALWAYS_SEARCH_USER_PATHS = NO;
				CLANG_ANALYZER_NONNULL = YES;
				CLANG_ANALYZER_NUMBER_OBJECT_CONVERSION = YES_AGGRESSIVE;
				CLANG_CXX_LANGUAGE_STANDARD = "gnu++14";
				CLANG_CXX_LIBRARY = "libc++";
				CLANG_ENABLE_MODULES = YES;
				CLANG_ENABLE_OBJC_ARC = YES;
				CLANG_WARN_BLOCK_CAPTURE_AUTORELEASING = YES;
				CLANG_WARN_BOOL_CONVERSION = YES;
				CLANG_WARN_COMMA = YES;
				CLANG_WARN_CONSTANT_CONVERSION = YES;
				CLANG_WARN_DIRECT_OBJC_ISA_USAGE = YES_ERROR;
				CLANG_WARN_DOCUMENTATION_COMMENTS = YES;
				CLANG_WARN_EMPTY_BODY = YES;
				CLANG_WARN_ENUM_CONVERSION = YES;
				CLANG_WARN_INFINITE_RECURSION = YES;
				CLANG_WARN_INT_CONVERSION = YES;
				CLANG_WARN_NON_LITERAL_NULL_CONVERSION = YES;
				CLANG_WARN_OBJC_LITERAL_CONVERSION = YES;
				CLANG_WARN_OBJC_ROOT_CLASS = YES_ERROR;
				CLANG_WARN_RANGE_LOOP_ANALYSIS = YES;
				CLANG_WARN_STRICT_PROTOTYPES = YES;
				CLANG_WARN_SUSPICIOUS_MOVE = YES;
				CLANG_WARN_UNGUARDED_AVAILABILITY = YES_AGGRESSIVE;
				CLANG_WARN_UNREACHABLE_CODE = YES;
				CLANG_WARN__DUPLICATE_METHOD_MATCH = YES;
				CODE_SIGN_IDENTITY = "iPhone Developer";
				COPY_PHASE_STRIP = NO;
				DEBUG_INFORMATION_FORMAT = "dwarf-with-dsym";
				ENABLE_NS_ASSERTIONS = NO;
				ENABLE_STRICT_OBJC_MSGSEND = YES;
				GCC_C_LANGUAGE_STANDARD = gnu11;
				GCC_NO_COMMON_BLOCKS = YES;
				GCC_WARN_64_TO_32_BIT_CONVERSION = YES;
				GCC_WARN_ABOUT_RETURN_TYPE = YES_ERROR;
				GCC_WARN_UNDECLARED_SELECTOR = YES;
				GCC_WARN_UNINITIALIZED_AUTOS = YES_AGGRESSIVE;
				GCC_WARN_UNUSED_FUNCTION = YES;
				GCC_WARN_UNUSED_VARIABLE = YES;
				IPHONEOS_DEPLOYMENT_TARGET = 11.2;
				MTL_ENABLE_DEBUG_INFO = NO;
				SDKROOT = iphoneos;
				SWIFT_OPTIMIZATION_LEVEL = "-Owholemodule";
				VALIDATE_PRODUCT = YES;
			};
			name = Release;
		};
		EE865A3A204D950A00482E54 /* Debug */ = {
			isa = XCBuildConfiguration;
			buildSettings = {
				ASSETCATALOG_COMPILER_APPICON_NAME = AppIcon;
				CODE_SIGN_STYLE = Automatic;
				INFOPLIST_FILE = Tinder/Info.plist;
				LD_RUNPATH_SEARCH_PATHS = "$(inherited) @executable_path/Frameworks";
				PRODUCT_BUNDLE_IDENTIFIER = com.YutaSugao.Tinder;
				PRODUCT_NAME = "$(TARGET_NAME)";
				SWIFT_VERSION = 4.0;
				TARGETED_DEVICE_FAMILY = "1,2";
			};
			name = Debug;
		};
		EE865A3B204D950A00482E54 /* Release */ = {
			isa = XCBuildConfiguration;
			buildSettings = {
				ASSETCATALOG_COMPILER_APPICON_NAME = AppIcon;
				CODE_SIGN_STYLE = Automatic;
				INFOPLIST_FILE = Tinder/Info.plist;
				LD_RUNPATH_SEARCH_PATHS = "$(inherited) @executable_path/Frameworks";
				PRODUCT_BUNDLE_IDENTIFIER = com.YutaSugao.Tinder;
				PRODUCT_NAME = "$(TARGET_NAME)";
				SWIFT_VERSION = 4.0;
				TARGETED_DEVICE_FAMILY = "1,2";
			};
			name = Release;
		};
		EE865A3D204D950A00482E54 /* Debug */ = {
			isa = XCBuildConfiguration;
			buildSettings = {
				ALWAYS_EMBED_SWIFT_STANDARD_LIBRARIES = YES;
				BUNDLE_LOADER = "$(TEST_HOST)";
				CODE_SIGN_STYLE = Automatic;
				INFOPLIST_FILE = TinderTests/Info.plist;
				LD_RUNPATH_SEARCH_PATHS = "$(inherited) @executable_path/Frameworks @loader_path/Frameworks";
				PRODUCT_BUNDLE_IDENTIFIER = com.YutaSugao.TinderTests;
				PRODUCT_NAME = "$(TARGET_NAME)";
				SWIFT_VERSION = 4.0;
				TARGETED_DEVICE_FAMILY = "1,2";
				TEST_HOST = "$(BUILT_PRODUCTS_DIR)/Tinder.app/Tinder";
			};
			name = Debug;
		};
		EE865A3E204D950A00482E54 /* Release */ = {
			isa = XCBuildConfiguration;
			buildSettings = {
				ALWAYS_EMBED_SWIFT_STANDARD_LIBRARIES = YES;
				BUNDLE_LOADER = "$(TEST_HOST)";
				CODE_SIGN_STYLE = Automatic;
				INFOPLIST_FILE = TinderTests/Info.plist;
				LD_RUNPATH_SEARCH_PATHS = "$(inherited) @executable_path/Frameworks @loader_path/Frameworks";
				PRODUCT_BUNDLE_IDENTIFIER = com.YutaSugao.TinderTests;
				PRODUCT_NAME = "$(TARGET_NAME)";
				SWIFT_VERSION = 4.0;
				TARGETED_DEVICE_FAMILY = "1,2";
				TEST_HOST = "$(BUILT_PRODUCTS_DIR)/Tinder.app/Tinder";
			};
			name = Release;
		};
		EE865A40204D950A00482E54 /* Debug */ = {
			isa = XCBuildConfiguration;
			buildSettings = {
				ALWAYS_EMBED_SWIFT_STANDARD_LIBRARIES = YES;
				CODE_SIGN_STYLE = Automatic;
				INFOPLIST_FILE = TinderUITests/Info.plist;
				LD_RUNPATH_SEARCH_PATHS = "$(inherited) @executable_path/Frameworks @loader_path/Frameworks";
				PRODUCT_BUNDLE_IDENTIFIER = com.YutaSugao.TinderUITests;
				PRODUCT_NAME = "$(TARGET_NAME)";
				SWIFT_VERSION = 4.0;
				TARGETED_DEVICE_FAMILY = "1,2";
				TEST_TARGET_NAME = Tinder;
			};
			name = Debug;
		};
		EE865A41204D950A00482E54 /* Release */ = {
			isa = XCBuildConfiguration;
			buildSettings = {
				ALWAYS_EMBED_SWIFT_STANDARD_LIBRARIES = YES;
				CODE_SIGN_STYLE = Automatic;
				INFOPLIST_FILE = TinderUITests/Info.plist;
				LD_RUNPATH_SEARCH_PATHS = "$(inherited) @executable_path/Frameworks @loader_path/Frameworks";
				PRODUCT_BUNDLE_IDENTIFIER = com.YutaSugao.TinderUITests;
				PRODUCT_NAME = "$(TARGET_NAME)";
				SWIFT_VERSION = 4.0;
				TARGETED_DEVICE_FAMILY = "1,2";
				TEST_TARGET_NAME = Tinder;
			};
			name = Release;
		};
/* End XCBuildConfiguration section */

/* Begin XCConfigurationList section */
		EE865A0C204D950A00482E54 /* Build configuration list for PBXProject "Tinder" */ = {
			isa = XCConfigurationList;
			buildConfigurations = (
				EE865A37204D950A00482E54 /* Debug */,
				EE865A38204D950A00482E54 /* Release */,
			);
			defaultConfigurationIsVisible = 0;
			defaultConfigurationName = Release;
		};
		EE865A39204D950A00482E54 /* Build configuration list for PBXNativeTarget "Tinder" */ = {
			isa = XCConfigurationList;
			buildConfigurations = (
				EE865A3A204D950A00482E54 /* Debug */,
				EE865A3B204D950A00482E54 /* Release */,
			);
			defaultConfigurationIsVisible = 0;
			defaultConfigurationName = Release;
		};
		EE865A3C204D950A00482E54 /* Build configuration list for PBXNativeTarget "TinderTests" */ = {
			isa = XCConfigurationList;
			buildConfigurations = (
				EE865A3D204D950A00482E54 /* Debug */,
				EE865A3E204D950A00482E54 /* Release */,
			);
			defaultConfigurationIsVisible = 0;
			defaultConfigurationName = Release;
		};
		EE865A3F204D950A00482E54 /* Build configuration list for PBXNativeTarget "TinderUITests" */ = {
			isa = XCConfigurationList;
			buildConfigurations = (
				EE865A40204D950A00482E54 /* Debug */,
				EE865A41204D950A00482E54 /* Release */,
			);
			defaultConfigurationIsVisible = 0;
			defaultConfigurationName = Release;
		};
/* End XCConfigurationList section */
	};
	rootObject = EE865A09204D950A00482E54 /* Project object */;
}
